
Microsoft Visual Studio Solution File, Format Version 12.00
# Visual Studio Version 17
VisualStudioVersion = 17.5.33502.453
MinimumVisualStudioVersion = 10.0.40219.1
Project("{9A19103F-16F7-4668-BE54-9A1E7A4F7556}") = "changelog-generator", "changelog-generator.csproj", "{DD1242B8-5363-4C04-8B6D-0DFA38564AD3}"
EndProject
Global
	GlobalSection(SolutionConfigurationPlatforms) = preSolution
		Debug|Any CPU = Debug|Any CPU
		Release|Any CPU = Release|Any CPU
	EndGlobalSection
	GlobalSection(ProjectConfigurationPlatforms) = postSolution
		{DD1242B8-5363-4C04-8B6D-0DFA38564AD3}.Debug|Any CPU.ActiveCfg = Debug|Any CPU
		{DD1242B8-5363-4C04-8B6D-0DFA38564AD3}.Debug|Any CPU.Build.0 = Debug|Any CPU
		{DD1242B8-5363-4C04-8B6D-0DFA38564AD3}.Release|Any CPU.ActiveCfg = Release|Any CPU
		{DD1242B8-5363-4C04-8B6D-0DFA38564AD3}.Release|Any CPU.Build.0 = Release|Any CPU
	EndGlobalSection
	GlobalSection(SolutionProperties) = preSolution
		HideSolutionNode = FALSE
	EndGlobalSection
	GlobalSection(ExtensibilityGlobals) = postSolution
		SolutionGuid = {C8384CD7-204E-4695-9D74-71E294F5C92F}
	EndGlobalSection
EndGlobal
